
Microsoft Visual Studio Solution File, Format Version 12.00
# Visual Studio Version 16
VisualStudioVersion = 16.0.31424.327
MinimumVisualStudioVersion = 10.0.40219.1
Project("{9A19103F-16F7-4668-BE54-9A1E7A4F7556}") = "DSoft.CacheManager", "CacheManager\DSoft.CacheManager.csproj", "{B6D28558-1417-4C83-9189-F81143759A95}"
EndProject
Global
	GlobalSection(SolutionConfigurationPlatforms) = preSolution
		Debug|Any CPU = Debug|Any CPU
		Release|Any CPU = Release|Any CPU
	EndGlobalSection
	GlobalSection(ProjectConfigurationPlatforms) = postSolution
		{B6D28558-1417-4C83-9189-F81143759A95}.Debug|Any CPU.ActiveCfg = Debug|Any CPU
		{B6D28558-1417-4C83-9189-F81143759A95}.Debug|Any CPU.Build.0 = Debug|Any CPU
		{B6D28558-1417-4C83-9189-F81143759A95}.Release|Any CPU.ActiveCfg = Release|Any CPU
		{B6D28558-1417-4C83-9189-F81143759A95}.Release|Any CPU.Build.0 = Release|Any CPU
	EndGlobalSection
	GlobalSection(SolutionProperties) = preSolution
		HideSolutionNode = FALSE
	EndGlobalSection
	GlobalSection(ExtensibilityGlobals) = postSolution
		SolutionGuid = {B853F6E9-A0C7-4426-961E-0D9CFA40F5BB}
	EndGlobalSection
EndGlobal
